
Microsoft Visual Studio Solution File, Format Version 12.00
# Visual Studio Version 16
VisualStudioVersion = 16.0.31829.152
MinimumVisualStudioVersion = 10.0.40219.1
Project("{FAE04EC0-301F-11D3-BF4B-00C04F79EFBC}") = "Class_7.2", "Class_7.2\Class_7.2.csproj", "{31C0756D-2AB6-442C-AD0C-AB5AF37682A5}"
EndProject
Global
	GlobalSection(SolutionConfigurationPlatforms) = preSolution
		Debug|Any CPU = Debug|Any CPU
		Release|Any CPU = Release|Any CPU
	EndGlobalSection
	GlobalSection(ProjectConfigurationPlatforms) = postSolution
		{31C0756D-2AB6-442C-AD0C-AB5AF37682A5}.Debug|Any CPU.ActiveCfg = Debug|Any CPU
		{31C0756D-2AB6-442C-AD0C-AB5AF37682A5}.Debug|Any CPU.Build.0 = Debug|Any CPU
		{31C0756D-2AB6-442C-AD0C-AB5AF37682A5}.Release|Any CPU.ActiveCfg = Release|Any CPU
		{31C0756D-2AB6-442C-AD0C-AB5AF37682A5}.Release|Any CPU.Build.0 = Release|Any CPU
	EndGlobalSection
	GlobalSection(SolutionProperties) = preSolution
		HideSolutionNode = FALSE
	EndGlobalSection
	GlobalSection(ExtensibilityGlobals) = postSolution
		SolutionGuid = {09DCF4D5-F415-4B9E-B2F8-DA31B2D6B5FA}
	EndGlobalSection
EndGlobal
